// !$*UTF8*$!
{
	archiveVersion = 1;
	classes = {
	};
	objectVersion = 46;
	objects = {

/* Begin PBXBuildFile section */
		A1039D481D06738200EED94D /* stationData.xml in Resources */ = {isa = PBXBuildFile; fileRef = A1039D471D06738200EED94D /* stationData.xml */; };
		A1039D4A1D06766300EED94D /* 에버라인.png in Resources */ = {isa = PBXBuildFile; fileRef = A1039D491D06766300EED94D /* 에버라인.png */; };
		A1039D4C1D067B8E00EED94D /* SearchStationNameViewController.swift in Sources */ = {isa = PBXBuildFile; fileRef = A1039D4B1D067B8E00EED94D /* SearchStationNameViewController.swift */; };
		A1039D4E1D067F8F00EED94D /* StationInfo.swift in Sources */ = {isa = PBXBuildFile; fileRef = A1039D4D1D067F8F00EED94D /* StationInfo.swift */; };
		A11D956A1CFAC1630002B73D /* AppDelegate.swift in Sources */ = {isa = PBXBuildFile; fileRef = A11D95691CFAC1630002B73D /* AppDelegate.swift */; };
		A11D956C1CFAC1630002B73D /* ViewController.swift in Sources */ = {isa = PBXBuildFile; fileRef = A11D956B1CFAC1630002B73D /* ViewController.swift */; };
		A11D956F1CFAC1630002B73D /* Main.storyboard in Resources */ = {isa = PBXBuildFile; fileRef = A11D956D1CFAC1630002B73D /* Main.storyboard */; };
		A11D95711CFAC1630002B73D /* Assets.xcassets in Resources */ = {isa = PBXBuildFile; fileRef = A11D95701CFAC1630002B73D /* Assets.xcassets */; };
		A11D95741CFAC1630002B73D /* LaunchScreen.storyboard in Resources */ = {isa = PBXBuildFile; fileRef = A11D95721CFAC1630002B73D /* LaunchScreen.storyboard */; };
		A147B3291D05576C00E18A48 /* ParseHandle.swift in Sources */ = {isa = PBXBuildFile; fileRef = A147B3281D05576C00E18A48 /* ParseHandle.swift */; };
		A147B3311D05706200E18A48 /* LineView.swift in Sources */ = {isa = PBXBuildFile; fileRef = A147B3301D05706200E18A48 /* LineView.swift */; };
		A147B3381D0595B700E18A48 /* _pin.png in Resources */ = {isa = PBXBuildFile; fileRef = A147B3361D0595B700E18A48 /* _pin.png */; };
		A147B3391D0595B700E18A48 /* _tube-scheme.png in Resources */ = {isa = PBXBuildFile; fileRef = A147B3371D0595B700E18A48 /* _tube-scheme.png */; };
		A147B33B1D0597DC00E18A48 /* SearchTableViewController.swift in Sources */ = {isa = PBXBuildFile; fileRef = A147B33A1D0597DC00E18A48 /* SearchTableViewController.swift */; };
		A147B34D1D05A70100E18A48 /* 1.png in Resources */ = {isa = PBXBuildFile; fileRef = A147B33C1D05A70100E18A48 /* 1.png */; };
		A147B34E1D05A70100E18A48 /* 2.png in Resources */ = {isa = PBXBuildFile; fileRef = A147B33D1D05A70100E18A48 /* 2.png */; };
		A147B34F1D05A70100E18A48 /* 3.png in Resources */ = {isa = PBXBuildFile; fileRef = A147B33E1D05A70100E18A48 /* 3.png */; };
		A147B3501D05A70100E18A48 /* 4.png in Resources */ = {isa = PBXBuildFile; fileRef = A147B33F1D05A70100E18A48 /* 4.png */; };
		A147B3511D05A70100E18A48 /* 5.png in Resources */ = {isa = PBXBuildFile; fileRef = A147B3401D05A70100E18A48 /* 5.png */; };
		A147B3521D05A70100E18A48 /* 6.png in Resources */ = {isa = PBXBuildFile; fileRef = A147B3411D05A70100E18A48 /* 6.png */; };
		A147B3531D05A70100E18A48 /* 7.png in Resources */ = {isa = PBXBuildFile; fileRef = A147B3421D05A70100E18A48 /* 7.png */; };
		A147B3541D05A70100E18A48 /* 8.png in Resources */ = {isa = PBXBuildFile; fileRef = A147B3431D05A70100E18A48 /* 8.png */; };
		A147B3551D05A70100E18A48 /* 9.png in Resources */ = {isa = PBXBuildFile; fileRef = A147B3441D05A70100E18A48 /* 9.png */; };
		A147B3561D05A70100E18A48 /* 경의중앙선.png in Resources */ = {isa = PBXBuildFile; fileRef = A147B3451D05A70100E18A48 /* 경의중앙선.png */; };
		A147B3571D05A70100E18A48 /* 경춘선.png in Resources */ = {isa = PBXBuildFile; fileRef = A147B3461D05A70100E18A48 /* 경춘선.png */; };
		A147B3581D05A70100E18A48 /* 공항철도.png in Resources */ = {isa = PBXBuildFile; fileRef = A147B3471D05A70100E18A48 /* 공항철도.png */; };
		A147B3591D05A70100E18A48 /* 분당선.png in Resources */ = {isa = PBXBuildFile; fileRef = A147B3481D05A70100E18A48 /* 분당선.png */; };
		A147B35A1D05A70100E18A48 /* 수인선.png in Resources */ = {isa = PBXBuildFile; fileRef = A147B3491D05A70100E18A48 /* 수인선.png */; };
		A147B35B1D05A70100E18A48 /* 신분당선.png in Resources */ = {isa = PBXBuildFile; fileRef = A147B34A1D05A70100E18A48 /* 신분당선.png */; };
		A147B35C1D05A70100E18A48 /* 의정부경전철.png in Resources */ = {isa = PBXBuildFile; fileRef = A147B34B1D05A70100E18A48 /* 의정부경전철.png */; };
		A147B35D1D05A70100E18A48 /* 인천지하철 1호선.png in Resources */ = {isa = PBXBuildFile; fileRef = A147B34C1D05A70100E18A48 /* 인천지하철 1호선.png */; };
		A147B3601D05A8A600E18A48 /* StationLoaction.xml in Resources */ = {isa = PBXBuildFile; fileRef = A147B35F1D05A8A600E18A48 /* StationLoaction.xml */; };
		A1D438D71D042225002173B3 /* route.png in Resources */ = {isa = PBXBuildFile; fileRef = A1D438D61D042225002173B3 /* route.png */; };
		A1D438DA1D0424B4002173B3 /* question.png in Resources */ = {isa = PBXBuildFile; fileRef = A1D438D91D0424B4002173B3 /* question.png */; };
		A1D438DC1D042540002173B3 /* train.png in Resources */ = {isa = PBXBuildFile; fileRef = A1D438DB1D042540002173B3 /* train.png */; };
		A1D438DE1D04298C002173B3 /* linemap_naver.png in Resources */ = {isa = PBXBuildFile; fileRef = A1D438DD1D04298C002173B3 /* linemap_naver.png */; };
		A1D438E01D042BC8002173B3 /* TrainLineViewController.swift in Sources */ = {isa = PBXBuildFile; fileRef = A1D438DF1D042BC8002173B3 /* TrainLineViewController.swift */; };
/* End PBXBuildFile section */

/* Begin PBXFileReference section */
		A1039D471D06738200EED94D /* stationData.xml */ = {isa = PBXFileReference; fileEncoding = 4; lastKnownFileType = text.xml; path = stationData.xml; sourceTree = "<group>"; };
		A1039D491D06766300EED94D /* 에버라인.png */ = {isa = PBXFileReference; lastKnownFileType = image.png; path = "에버라인.png"; sourceTree = "<group>"; };
		A1039D4B1D067B8E00EED94D /* SearchStationNameViewController.swift */ = {isa = PBXFileReference; fileEncoding = 4; lastKnownFileType = sourcecode.swift; path = SearchStationNameViewController.swift; sourceTree = "<group>"; };
		A1039D4D1D067F8F00EED94D /* StationInfo.swift */ = {isa = PBXFileReference; fileEncoding = 4; lastKnownFileType = sourcecode.swift; path = StationInfo.swift; sourceTree = "<group>"; };
		A11D95661CFAC1630002B73D /* tarin.app */ = {isa = PBXFileReference; explicitFileType = wrapper.application; includeInIndex = 0; path = tarin.app; sourceTree = BUILT_PRODUCTS_DIR; };
		A11D95691CFAC1630002B73D /* AppDelegate.swift */ = {isa = PBXFileReference; lastKnownFileType = sourcecode.swift; path = AppDelegate.swift; sourceTree = "<group>"; };
		A11D956B1CFAC1630002B73D /* ViewController.swift */ = {isa = PBXFileReference; lastKnownFileType = sourcecode.swift; path = ViewController.swift; sourceTree = "<group>"; };
		A11D956E1CFAC1630002B73D /* Base */ = {isa = PBXFileReference; lastKnownFileType = file.storyboard; name = Base; path = Base.lproj/Main.storyboard; sourceTree = "<group>"; };
		A11D95701CFAC1630002B73D /* Assets.xcassets */ = {isa = PBXFileReference; lastKnownFileType = folder.assetcatalog; path = Assets.xcassets; sourceTree = "<group>"; };
		A11D95731CFAC1630002B73D /* Base */ = {isa = PBXFileReference; lastKnownFileType = file.storyboard; name = Base; path = Base.lproj/LaunchScreen.storyboard; sourceTree = "<group>"; };
		A11D95751CFAC1630002B73D /* Info.plist */ = {isa = PBXFileReference; lastKnownFileType = text.plist.xml; path = Info.plist; sourceTree = "<group>"; };
		A147B3281D05576C00E18A48 /* ParseHandle.swift */ = {isa = PBXFileReference; fileEncoding = 4; lastKnownFileType = sourcecode.swift; path = ParseHandle.swift; sourceTree = "<group>"; };
		A147B3301D05706200E18A48 /* LineView.swift */ = {isa = PBXFileReference; fileEncoding = 4; lastKnownFileType = sourcecode.swift; path = LineView.swift; sourceTree = "<group>"; };
		A147B3361D0595B700E18A48 /* _pin.png */ = {isa = PBXFileReference; lastKnownFileType = image.png; path = _pin.png; sourceTree = "<group>"; };
		A147B3371D0595B700E18A48 /* _tube-scheme.png */ = {isa = PBXFileReference; lastKnownFileType = image.png; path = "_tube-scheme.png"; sourceTree = "<group>"; };
		A147B33A1D0597DC00E18A48 /* SearchTableViewController.swift */ = {isa = PBXFileReference; fileEncoding = 4; lastKnownFileType = sourcecode.swift; path = SearchTableViewController.swift; sourceTree = "<group>"; };
		A147B33C1D05A70100E18A48 /* 1.png */ = {isa = PBXFileReference; lastKnownFileType = image.png; path = 1.png; sourceTree = "<group>"; };
		A147B33D1D05A70100E18A48 /* 2.png */ = {isa = PBXFileReference; lastKnownFileType = image.png; path = 2.png; sourceTree = "<group>"; };
		A147B33E1D05A70100E18A48 /* 3.png */ = {isa = PBXFileReference; lastKnownFileType = image.png; path = 3.png; sourceTree = "<group>"; };
		A147B33F1D05A70100E18A48 /* 4.png */ = {isa = PBXFileReference; lastKnownFileType = image.png; path = 4.png; sourceTree = "<group>"; };
		A147B3401D05A70100E18A48 /* 5.png */ = {isa = PBXFileReference; lastKnownFileType = image.png; path = 5.png; sourceTree = "<group>"; };
		A147B3411D05A70100E18A48 /* 6.png */ = {isa = PBXFileReference; lastKnownFileType = image.png; path = 6.png; sourceTree = "<group>"; };
		A147B3421D05A70100E18A48 /* 7.png */ = {isa = PBXFileReference; lastKnownFileType = image.png; path = 7.png; sourceTree = "<group>"; };
		A147B3431D05A70100E18A48 /* 8.png */ = {isa = PBXFileReference; lastKnownFileType = image.png; path = 8.png; sourceTree = "<group>"; };
		A147B3441D05A70100E18A48 /* 9.png */ = {isa = PBXFileReference; lastKnownFileType = image.png; path = 9.png; sourceTree = "<group>"; };
		A147B3451D05A70100E18A48 /* 경의중앙선.png */ = {isa = PBXFileReference; lastKnownFileType = image.png; path = "경의중앙선.png"; sourceTree = "<group>"; };
		A147B3461D05A70100E18A48 /* 경춘선.png */ = {isa = PBXFileReference; lastKnownFileType = image.png; path = "경춘선.png"; sourceTree = "<group>"; };
		A147B3471D05A70100E18A48 /* 공항철도.png */ = {isa = PBXFileReference; lastKnownFileType = image.png; path = "공항철도.png"; sourceTree = "<group>"; };
		A147B3481D05A70100E18A48 /* 분당선.png */ = {isa = PBXFileReference; lastKnownFileType = image.png; path = "분당선.png"; sourceTree = "<group>"; };
		A147B3491D05A70100E18A48 /* 수인선.png */ = {isa = PBXFileReference; lastKnownFileType = image.png; path = "수인선.png"; sourceTree = "<group>"; };
		A147B34A1D05A70100E18A48 /* 신분당선.png */ = {isa = PBXFileReference; lastKnownFileType = image.png; path = "신분당선.png"; sourceTree = "<group>"; };
		A147B34B1D05A70100E18A48 /* 의정부경전철.png */ = {isa = PBXFileReference; lastKnownFileType = image.png; path = "의정부경전철.png"; sourceTree = "<group>"; };
		A147B34C1D05A70100E18A48 /* 인천지하철 1호선.png */ = {isa = PBXFileReference; lastKnownFileType = image.png; path = "인천지하철 1호선.png"; sourceTree = "<group>"; };
		A147B35F1D05A8A600E18A48 /* StationLoaction.xml */ = {isa = PBXFileReference; fileEncoding = 4; lastKnownFileType = text.xml; path = StationLoaction.xml; sourceTree = "<group>"; };
		A1D438D61D042225002173B3 /* route.png */ = {isa = PBXFileReference; lastKnownFileType = image.png; name = route.png; path = tarin/images/route.png; sourceTree = "<group>"; };
		A1D438D91D0424B4002173B3 /* question.png */ = {isa = PBXFileReference; lastKnownFileType = image.png; name = question.png; path = tarin/images/question.png; sourceTree = "<group>"; };
		A1D438DB1D042540002173B3 /* train.png */ = {isa = PBXFileReference; lastKnownFileType = image.png; name = train.png; path = tarin/images/train.png; sourceTree = "<group>"; };
		A1D438DD1D04298C002173B3 /* linemap_naver.png */ = {isa = PBXFileReference; lastKnownFileType = image.png; name = linemap_naver.png; path = tarin/images/linemap_naver.png; sourceTree = "<group>"; };
		A1D438DF1D042BC8002173B3 /* TrainLineViewController.swift */ = {isa = PBXFileReference; fileEncoding = 4; lastKnownFileType = sourcecode.swift; path = TrainLineViewController.swift; sourceTree = "<group>"; };
/* End PBXFileReference section */

/* Begin PBXFrameworksBuildPhase section */
		A11D95631CFAC1630002B73D /* Frameworks */ = {
			isa = PBXFrameworksBuildPhase;
			buildActionMask = 2147483647;
			files = (
			);
			runOnlyForDeploymentPostprocessing = 0;
		};
/* End PBXFrameworksBuildPhase section */

/* Begin PBXGroup section */
		A11D955D1CFAC1630002B73D = {
			isa = PBXGroup;
			children = (
				A147B3271D05574600E18A48 /* Parse */,
				A1D438D81D04222C002173B3 /* images */,
				A11D95681CFAC1630002B73D /* tarin */,
				A11D95671CFAC1630002B73D /* Products */,
			);
			sourceTree = "<group>";
		};
		A11D95671CFAC1630002B73D /* Products */ = {
			isa = PBXGroup;
			children = (
				A11D95661CFAC1630002B73D /* tarin.app */,
			);
			name = Products;
			sourceTree = "<group>";
		};
		A11D95681CFAC1630002B73D /* tarin */ = {
			isa = PBXGroup;
			children = (
				A11D95691CFAC1630002B73D /* AppDelegate.swift */,
				A11D956B1CFAC1630002B73D /* ViewController.swift */,
				A11D956D1CFAC1630002B73D /* Main.storyboard */,
				A11D95701CFAC1630002B73D /* Assets.xcassets */,
				A11D95721CFAC1630002B73D /* LaunchScreen.storyboard */,
				A11D95751CFAC1630002B73D /* Info.plist */,
				A1D438DF1D042BC8002173B3 /* TrainLineViewController.swift */,
				A147B3301D05706200E18A48 /* LineView.swift */,
				A147B33A1D0597DC00E18A48 /* SearchTableViewController.swift */,
				A1039D4B1D067B8E00EED94D /* SearchStationNameViewController.swift */,
				A1039D4D1D067F8F00EED94D /* StationInfo.swift */,
			);
			path = tarin;
			sourceTree = "<group>";
		};
		A147B3271D05574600E18A48 /* Parse */ = {
			isa = PBXGroup;
			children = (
				A147B3281D05576C00E18A48 /* ParseHandle.swift */,
				A147B35F1D05A8A600E18A48 /* StationLoaction.xml */,
				A1039D471D06738200EED94D /* stationData.xml */,
			);
			name = Parse;
			sourceTree = "<group>";
		};
		A147B35E1D05A71000E18A48 /* LineImage */ = {
			isa = PBXGroup;
			children = (
				A147B33C1D05A70100E18A48 /* 1.png */,
				A147B33D1D05A70100E18A48 /* 2.png */,
				A147B33E1D05A70100E18A48 /* 3.png */,
				A147B33F1D05A70100E18A48 /* 4.png */,
				A147B3401D05A70100E18A48 /* 5.png */,
				A147B3411D05A70100E18A48 /* 6.png */,
				A147B3421D05A70100E18A48 /* 7.png */,
				A147B3431D05A70100E18A48 /* 8.png */,
				A147B3441D05A70100E18A48 /* 9.png */,
				A147B3451D05A70100E18A48 /* 경의중앙선.png */,
				A147B3461D05A70100E18A48 /* 경춘선.png */,
				A147B3471D05A70100E18A48 /* 공항철도.png */,
				A147B3481D05A70100E18A48 /* 분당선.png */,
				A147B3491D05A70100E18A48 /* 수인선.png */,
				A147B34A1D05A70100E18A48 /* 신분당선.png */,
				A147B34B1D05A70100E18A48 /* 의정부경전철.png */,
				A147B34C1D05A70100E18A48 /* 인천지하철 1호선.png */,
				A1039D491D06766300EED94D /* 에버라인.png */,
			);
			name = LineImage;
			sourceTree = "<group>";
		};
		A147B3611D05A8B500E18A48 /* UIImage */ = {
			isa = PBXGroup;
			children = (
				A147B3361D0595B700E18A48 /* _pin.png */,
				A147B3371D0595B700E18A48 /* _tube-scheme.png */,
				A1D438DB1D042540002173B3 /* train.png */,
				A1D438D91D0424B4002173B3 /* question.png */,
				A1D438D61D042225002173B3 /* route.png */,
				A1D438DD1D04298C002173B3 /* linemap_naver.png */,
			);
			name = UIImage;
			sourceTree = "<group>";
		};
		A1D438D81D04222C002173B3 /* images */ = {
			isa = PBXGroup;
			children = (
				A147B3611D05A8B500E18A48 /* UIImage */,
				A147B35E1D05A71000E18A48 /* LineImage */,
			);
			name = images;
			sourceTree = "<group>";
		};
/* End PBXGroup section */

/* Begin PBXNativeTarget section */
		A11D95651CFAC1630002B73D /* tarin */ = {
			isa = PBXNativeTarget;
			buildConfigurationList = A11D95781CFAC1630002B73D /* Build configuration list for PBXNativeTarget "tarin" */;
			buildPhases = (
				A11D95621CFAC1630002B73D /* Sources */,
				A11D95631CFAC1630002B73D /* Frameworks */,
				A11D95641CFAC1630002B73D /* Resources */,
			);
			buildRules = (
			);
			dependencies = (
			);
			name = tarin;
			productName = tarin;
			productReference = A11D95661CFAC1630002B73D /* tarin.app */;
			productType = "com.apple.product-type.application";
		};
/* End PBXNativeTarget section */

/* Begin PBXProject section */
		A11D955E1CFAC1630002B73D /* Project object */ = {
			isa = PBXProject;
			attributes = {
				LastSwiftUpdateCheck = 0730;
				LastUpgradeCheck = 0730;
				ORGANIZATIONNAME = kpugame;
				TargetAttributes = {
					A11D95651CFAC1630002B73D = {
						CreatedOnToolsVersion = 7.3.1;
					};
				};
			};
			buildConfigurationList = A11D95611CFAC1630002B73D /* Build configuration list for PBXProject "tarin" */;
			compatibilityVersion = "Xcode 3.2";
			developmentRegion = English;
			hasScannedForEncodings = 0;
			knownRegions = (
				en,
				Base,
			);
			mainGroup = A11D955D1CFAC1630002B73D;
			productRefGroup = A11D95671CFAC1630002B73D /* Products */;
			projectDirPath = "";
			projectRoot = "";
			targets = (
				A11D95651CFAC1630002B73D /* tarin */,
			);
		};
/* End PBXProject section */

/* Begin PBXResourcesBuildPhase section */
		A11D95641CFAC1630002B73D /* Resources */ = {
			isa = PBXResourcesBuildPhase;
			buildActionMask = 2147483647;
			files = (
				A147B3531D05A70100E18A48 /* 7.png in Resources */,
				A1D438DE1D04298C002173B3 /* linemap_naver.png in Resources */,
				A147B3571D05A70100E18A48 /* 경춘선.png in Resources */,
				A147B35D1D05A70100E18A48 /* 인천지하철 1호선.png in Resources */,
				A147B3591D05A70100E18A48 /* 분당선.png in Resources */,
				A147B35B1D05A70100E18A48 /* 신분당선.png in Resources */,
				A147B3501D05A70100E18A48 /* 4.png in Resources */,
				A1D438DA1D0424B4002173B3 /* question.png in Resources */,
				A147B3381D0595B700E18A48 /* _pin.png in Resources */,
				A147B34E1D05A70100E18A48 /* 2.png in Resources */,
				A11D95741CFAC1630002B73D /* LaunchScreen.storyboard in Resources */,
				A147B3581D05A70100E18A48 /* 공항철도.png in Resources */,
				A147B35A1D05A70100E18A48 /* 수인선.png in Resources */,
				A147B3551D05A70100E18A48 /* 9.png in Resources */,
				A147B3541D05A70100E18A48 /* 8.png in Resources */,
				A1039D4A1D06766300EED94D /* 에버라인.png in Resources */,
				A147B34D1D05A70100E18A48 /* 1.png in Resources */,
				A147B3521D05A70100E18A48 /* 6.png in Resources */,
				A147B34F1D05A70100E18A48 /* 3.png in Resources */,
				A1D438DC1D042540002173B3 /* train.png in Resources */,
				A147B3561D05A70100E18A48 /* 경의중앙선.png in Resources */,
				A147B3391D0595B700E18A48 /* _tube-scheme.png in Resources */,
				A11D95711CFAC1630002B73D /* Assets.xcassets in Resources */,
				A1039D481D06738200EED94D /* stationData.xml in Resources */,
				A11D956F1CFAC1630002B73D /* Main.storyboard in Resources */,
				A147B35C1D05A70100E18A48 /* 의정부경전철.png in Resources */,
				A147B3601D05A8A600E18A48 /* StationLoaction.xml in Resources */,
				A1D438D71D042225002173B3 /* route.png in Resources */,
				A147B3511D05A70100E18A48 /* 5.png in Resources */,
			);
			runOnlyForDeploymentPostprocessing = 0;
		};
/* End PBXResourcesBuildPhase section */

/* Begin PBXSourcesBuildPhase section */
		A11D95621CFAC1630002B73D /* Sources */ = {
			isa = PBXSourcesBuildPhase;
			buildActionMask = 2147483647;
			files = (
				A1D438E01D042BC8002173B3 /* TrainLineViewController.swift in Sources */,
				A147B33B1D0597DC00E18A48 /* SearchTableViewController.swift in Sources */,
				A1039D4E1D067F8F00EED94D /* StationInfo.swift in Sources */,
				A11D956C1CFAC1630002B73D /* ViewController.swift in Sources */,
				A11D956A1CFAC1630002B73D /* AppDelegate.swift in Sources */,
				A1039D4C1D067B8E00EED94D /* SearchStationNameViewController.swift in Sources */,
				A147B3311D05706200E18A48 /* LineView.swift in Sources */,
				A147B3291D05576C00E18A48 /* ParseHandle.swift in Sources */,
			);
			runOnlyForDeploymentPostprocessing = 0;
		};
/* End PBXSourcesBuildPhase section */

/* Begin PBXVariantGroup section */
		A11D956D1CFAC1630002B73D /* Main.storyboard */ = {
			isa = PBXVariantGroup;
			children = (
				A11D956E1CFAC1630002B73D /* Base */,
			);
			name = Main.storyboard;
			sourceTree = "<group>";
		};
		A11D95721CFAC1630002B73D /* LaunchScreen.storyboard */ = {
			isa = PBXVariantGroup;
			children = (
				A11D95731CFAC1630002B73D /* Base */,
			);
			name = LaunchScreen.storyboard;
			sourceTree = "<group>";
		};
/* End PBXVariantGroup section */

/* Begin XCBuildConfiguration section */
		A11D95761CFAC1630002B73D /* Debug */ = {
			isa = XCBuildConfiguration;
			buildSettings = {
				ALWAYS_SEARCH_USER_PATHS = NO;
				CLANG_ANALYZER_NONNULL = YES;
				CLANG_CXX_LANGUAGE_STANDARD = "gnu++0x";
				CLANG_CXX_LIBRARY = "libc++";
				CLANG_ENABLE_MODULES = YES;
				CLANG_ENABLE_OBJC_ARC = YES;
				CLANG_WARN_BOOL_CONVERSION = YES;
				CLANG_WARN_CONSTANT_CONVERSION = YES;
				CLANG_WARN_DIRECT_OBJC_ISA_USAGE = YES_ERROR;
				CLANG_WARN_EMPTY_BODY = YES;
				CLANG_WARN_ENUM_CONVERSION = YES;
				CLANG_WARN_INT_CONVERSION = YES;
				CLANG_WARN_OBJC_ROOT_CLASS = YES_ERROR;
				CLANG_WARN_UNREACHABLE_CODE = YES;
				CLANG_WARN__DUPLICATE_METHOD_MATCH = YES;
				"CODE_SIGN_IDENTITY[sdk=iphoneos*]" = "iPhone Developer";
				COPY_PHASE_STRIP = NO;
				DEBUG_INFORMATION_FORMAT = dwarf;
				ENABLE_STRICT_OBJC_MSGSEND = YES;
				ENABLE_TESTABILITY = YES;
				GCC_C_LANGUAGE_STANDARD = gnu99;
				GCC_DYNAMIC_NO_PIC = NO;
				GCC_NO_COMMON_BLOCKS = YES;
				GCC_OPTIMIZATION_LEVEL = 0;
				GCC_PREPROCESSOR_DEFINITIONS = (
					"DEBUG=1",
					"$(inherited)",
				);
				GCC_WARN_64_TO_32_BIT_CONVERSION = YES;
				GCC_WARN_ABOUT_RETURN_TYPE = YES_ERROR;
				GCC_WARN_UNDECLARED_SELECTOR = YES;
				GCC_WARN_UNINITIALIZED_AUTOS = YES_AGGRESSIVE;
				GCC_WARN_UNUSED_FUNCTION = YES;
				GCC_WARN_UNUSED_VARIABLE = YES;
				IPHONEOS_DEPLOYMENT_TARGET = 9.3;
				MTL_ENABLE_DEBUG_INFO = YES;
				ONLY_ACTIVE_ARCH = YES;
				SDKROOT = iphoneos;
				SWIFT_OPTIMIZATION_LEVEL = "-Onone";
				TARGETED_DEVICE_FAMILY = "1,2";
			};
			name = Debug;
		};
		A11D95771CFAC1630002B73D /* Release */ = {
			isa = XCBuildConfiguration;
			buildSettings = {
				ALWAYS_SEARCH_USER_PATHS = NO;
				CLANG_ANALYZER_NONNULL = YES;
				CLANG_CXX_LANGUAGE_STANDARD = "gnu++0x";
				CLANG_CXX_LIBRARY = "libc++";
				CLANG_ENABLE_MODULES = YES;
				CLANG_ENABLE_OBJC_ARC = YES;
				CLANG_WARN_BOOL_CONVERSION = YES;
				CLANG_WARN_CONSTANT_CONVERSION = YES;
				CLANG_WARN_DIRECT_OBJC_ISA_USAGE = YES_ERROR;
				CLANG_WARN_EMPTY_BODY = YES;
				CLANG_WARN_ENUM_CONVERSION = YES;
				CLANG_WARN_INT_CONVERSION = YES;
				CLANG_WARN_OBJC_ROOT_CLASS = YES_ERROR;
				CLANG_WARN_UNREACHABLE_CODE = YES;
				CLANG_WARN__DUPLICATE_METHOD_MATCH = YES;
				"CODE_SIGN_IDENTITY[sdk=iphoneos*]" = "iPhone Developer";
				COPY_PHASE_STRIP = NO;
				DEBUG_INFORMATION_FORMAT = "dwarf-with-dsym";
				ENABLE_NS_ASSERTIONS = NO;
				ENABLE_STRICT_OBJC_MSGSEND = YES;
				GCC_C_LANGUAGE_STANDARD = gnu99;
				GCC_NO_COMMON_BLOCKS = YES;
				GCC_WARN_64_TO_32_BIT_CONVERSION = YES;
				GCC_WARN_ABOUT_RETURN_TYPE = YES_ERROR;
				GCC_WARN_UNDECLARED_SELECTOR = YES;
				GCC_WARN_UNINITIALIZED_AUTOS = YES_AGGRESSIVE;
				GCC_WARN_UNUSED_FUNCTION = YES;
				GCC_WARN_UNUSED_VARIABLE = YES;
				IPHONEOS_DEPLOYMENT_TARGET = 9.3;
				MTL_ENABLE_DEBUG_INFO = NO;
				SDKROOT = iphoneos;
				TARGETED_DEVICE_FAMILY = "1,2";
				VALIDATE_PRODUCT = YES;
			};
			name = Release;
		};
		A11D95791CFAC1630002B73D /* Debug */ = {
			isa = XCBuildConfiguration;
			buildSettings = {
				ASSETCATALOG_COMPILER_APPICON_NAME = AppIcon;
				INFOPLIST_FILE = tarin/Info.plist;
				LD_RUNPATH_SEARCH_PATHS = "$(inherited) @executable_path/Frameworks";
				PRODUCT_BUNDLE_IDENTIFIER = kpu.2016class.tarin;
				PRODUCT_NAME = "$(TARGET_NAME)";
				TARGETED_DEVICE_FAMILY = 2;
			};
			name = Debug;
		};
		A11D957A1CFAC1630002B73D /* Release */ = {
			isa = XCBuildConfiguration;
			buildSettings = {
				ASSETCATALOG_COMPILER_APPICON_NAME = AppIcon;
				INFOPLIST_FILE = tarin/Info.plist;
				LD_RUNPATH_SEARCH_PATHS = "$(inherited) @executable_path/Frameworks";
				PRODUCT_BUNDLE_IDENTIFIER = kpu.2016class.tarin;
				PRODUCT_NAME = "$(TARGET_NAME)";
				TARGETED_DEVICE_FAMILY = 2;
			};
			name = Release;
		};
/* End XCBuildConfiguration section */

/* Begin XCConfigurationList section */
		A11D95611CFAC1630002B73D /* Build configuration list for PBXProject "tarin" */ = {
			isa = XCConfigurationList;
			buildConfigurations = (
				A11D95761CFAC1630002B73D /* Debug */,
				A11D95771CFAC1630002B73D /* Release */,
			);
			defaultConfigurationIsVisible = 0;
			defaultConfigurationName = Release;
		};
		A11D95781CFAC1630002B73D /* Build configuration list for PBXNativeTarget "tarin" */ = {
			isa = XCConfigurationList;
			buildConfigurations = (
				A11D95791CFAC1630002B73D /* Debug */,
				A11D957A1CFAC1630002B73D /* Release */,
			);
			defaultConfigurationIsVisible = 0;
			defaultConfigurationName = Release;
		};
/* End XCConfigurationList section */
	};
	rootObject = A11D955E1CFAC1630002B73D /* Project object */;
}
